
Microsoft Visual Studio Solution File, Format Version 12.00
# Visual Studio 15
VisualStudioVersion = 15.0.28307.271
MinimumVisualStudioVersion = 10.0.40219.1
Project("{9A19103F-16F7-4668-BE54-9A1E7A4F7556}") = "Gateway", "Gateway\Gateway.csproj", "{A1A03AB9-8419-4D95-A6B9-8E82EB8A5C81}"
EndProject
Project("{9A19103F-16F7-4668-BE54-9A1E7A4F7556}") = "TransactionAPI", "TransactionAPI\TransactionAPI.csproj", "{7D9A8444-386E-4B63-BC07-F3A6CF3BEC55}"
EndProject
Project("{9A19103F-16F7-4668-BE54-9A1E7A4F7556}") = "CustomerAPI", "CustomerAPI\CustomerAPI.csproj", "{FDB10459-AADF-4EA3-BE65-C29A2F70D8D2}"
EndProject
Project("{9A19103F-16F7-4668-BE54-9A1E7A4F7556}") = "ChequeBookAPI", "ChequeBookAPI\ChequeBookAPI.csproj", "{8000D721-1C7F-4A0B-A006-5F47CD89FA96}"
EndProject
Project("{9A19103F-16F7-4668-BE54-9A1E7A4F7556}") = "AccountAPI", "AccountAPI\AccountAPI.csproj", "{8CC94ADE-FD9A-4A38-A327-F096FFD96BA4}"
EndProject
Project("{9A19103F-16F7-4668-BE54-9A1E7A4F7556}") = "NAGPBank.CrossCutting", "NAGPBank.CrossCutting\NAGPBank.CrossCutting.csproj", "{09DBCE6A-03D5-4E39-862E-F8AFA45713AD}"
EndProject
Project("{9A19103F-16F7-4668-BE54-9A1E7A4F7556}") = "NAGPBank.Data", "NAGPBank.Data\NAGPBank.Data.csproj", "{13AF1E78-53C0-4500-93BE-CF9521769B0A}"
EndProject
Project("{E53339B2-1760-4266-BCC7-CA923CBCF16C}") = "docker-compose", "docker-compose.dcproj", "{683871CD-D603-4444-BF96-6727414A00BC}"
EndProject
Global
	GlobalSection(SolutionConfigurationPlatforms) = preSolution
		Debug|Any CPU = Debug|Any CPU
		Release|Any CPU = Release|Any CPU
	EndGlobalSection
	GlobalSection(ProjectConfigurationPlatforms) = postSolution
		{A1A03AB9-8419-4D95-A6B9-8E82EB8A5C81}.Debug|Any CPU.ActiveCfg = Debug|Any CPU
		{A1A03AB9-8419-4D95-A6B9-8E82EB8A5C81}.Debug|Any CPU.Build.0 = Debug|Any CPU
		{A1A03AB9-8419-4D95-A6B9-8E82EB8A5C81}.Release|Any CPU.ActiveCfg = Release|Any CPU
		{A1A03AB9-8419-4D95-A6B9-8E82EB8A5C81}.Release|Any CPU.Build.0 = Release|Any CPU
		{7D9A8444-386E-4B63-BC07-F3A6CF3BEC55}.Debug|Any CPU.ActiveCfg = Debug|Any CPU
		{7D9A8444-386E-4B63-BC07-F3A6CF3BEC55}.Debug|Any CPU.Build.0 = Debug|Any CPU
		{7D9A8444-386E-4B63-BC07-F3A6CF3BEC55}.Release|Any CPU.ActiveCfg = Release|Any CPU
		{7D9A8444-386E-4B63-BC07-F3A6CF3BEC55}.Release|Any CPU.Build.0 = Release|Any CPU
		{FDB10459-AADF-4EA3-BE65-C29A2F70D8D2}.Debug|Any CPU.ActiveCfg = Debug|Any CPU
		{FDB10459-AADF-4EA3-BE65-C29A2F70D8D2}.Debug|Any CPU.Build.0 = Debug|Any CPU
		{FDB10459-AADF-4EA3-BE65-C29A2F70D8D2}.Release|Any CPU.ActiveCfg = Release|Any CPU
		{FDB10459-AADF-4EA3-BE65-C29A2F70D8D2}.Release|Any CPU.Build.0 = Release|Any CPU
		{8000D721-1C7F-4A0B-A006-5F47CD89FA96}.Debug|Any CPU.ActiveCfg = Debug|Any CPU
		{8000D721-1C7F-4A0B-A006-5F47CD89FA96}.Debug|Any CPU.Build.0 = Debug|Any CPU
		{8000D721-1C7F-4A0B-A006-5F47CD89FA96}.Release|Any CPU.ActiveCfg = Release|Any CPU
		{8000D721-1C7F-4A0B-A006-5F47CD89FA96}.Release|Any CPU.Build.0 = Release|Any CPU
		{8CC94ADE-FD9A-4A38-A327-F096FFD96BA4}.Debug|Any CPU.ActiveCfg = Debug|Any CPU
		{8CC94ADE-FD9A-4A38-A327-F096FFD96BA4}.Debug|Any CPU.Build.0 = Debug|Any CPU
		{8CC94ADE-FD9A-4A38-A327-F096FFD96BA4}.Release|Any CPU.ActiveCfg = Release|Any CPU
		{8CC94ADE-FD9A-4A38-A327-F096FFD96BA4}.Release|Any CPU.Build.0 = Release|Any CPU
		{09DBCE6A-03D5-4E39-862E-F8AFA45713AD}.Debug|Any CPU.ActiveCfg = Debug|Any CPU
		{09DBCE6A-03D5-4E39-862E-F8AFA45713AD}.Debug|Any CPU.Build.0 = Debug|Any CPU
		{09DBCE6A-03D5-4E39-862E-F8AFA45713AD}.Release|Any CPU.ActiveCfg = Release|Any CPU
		{09DBCE6A-03D5-4E39-862E-F8AFA45713AD}.Release|Any CPU.Build.0 = Release|Any CPU
		{13AF1E78-53C0-4500-93BE-CF9521769B0A}.Debug|Any CPU.ActiveCfg = Debug|Any CPU
		{13AF1E78-53C0-4500-93BE-CF9521769B0A}.Debug|Any CPU.Build.0 = Debug|Any CPU
		{13AF1E78-53C0-4500-93BE-CF9521769B0A}.Release|Any CPU.ActiveCfg = Release|Any CPU
		{13AF1E78-53C0-4500-93BE-CF9521769B0A}.Release|Any CPU.Build.0 = Release|Any CPU
		{683871CD-D603-4444-BF96-6727414A00BC}.Debug|Any CPU.ActiveCfg = Debug|Any CPU
		{683871CD-D603-4444-BF96-6727414A00BC}.Debug|Any CPU.Build.0 = Debug|Any CPU
		{683871CD-D603-4444-BF96-6727414A00BC}.Release|Any CPU.ActiveCfg = Release|Any CPU
		{683871CD-D603-4444-BF96-6727414A00BC}.Release|Any CPU.Build.0 = Release|Any CPU
	EndGlobalSection
	GlobalSection(SolutionProperties) = preSolution
		HideSolutionNode = FALSE
	EndGlobalSection
	GlobalSection(ExtensibilityGlobals) = postSolution
		SolutionGuid = {58DF0EDE-FFF4-4973-8AD5-AD2975385C07}
	EndGlobalSection
EndGlobal
